
Microsoft Visual Studio Solution File, Format Version 12.00
# Visual Studio Version 16
VisualStudioVersion = 16.0.33214.272
MinimumVisualStudioVersion = 10.0.40219.1
Project("{FAE04EC0-301F-11D3-BF4B-00C04F79EFBC}") = "Mission-6", "Mission-6\Mission-6.csproj", "{37C1946C-8BDA-4656-B784-569E6EEFBD37}"
EndProject
Global
	GlobalSection(SolutionConfigurationPlatforms) = preSolution
		Debug|Any CPU = Debug|Any CPU
		Release|Any CPU = Release|Any CPU
	EndGlobalSection
	GlobalSection(ProjectConfigurationPlatforms) = postSolution
		{37C1946C-8BDA-4656-B784-569E6EEFBD37}.Debug|Any CPU.ActiveCfg = Debug|Any CPU
		{37C1946C-8BDA-4656-B784-569E6EEFBD37}.Debug|Any CPU.Build.0 = Debug|Any CPU
		{37C1946C-8BDA-4656-B784-569E6EEFBD37}.Release|Any CPU.ActiveCfg = Release|Any CPU
		{37C1946C-8BDA-4656-B784-569E6EEFBD37}.Release|Any CPU.Build.0 = Release|Any CPU
	EndGlobalSection
	GlobalSection(SolutionProperties) = preSolution
		HideSolutionNode = FALSE
	EndGlobalSection
	GlobalSection(ExtensibilityGlobals) = postSolution
		SolutionGuid = {395EEC99-98D2-4B04-8715-6B0CDC50E6AA}
	EndGlobalSection
EndGlobal
